
Microsoft Visual Studio Solution File, Format Version 12.00
# Visual Studio Version 17
VisualStudioVersion = 17.7.34009.444
MinimumVisualStudioVersion = 10.0.40219.1
Project("{FAE04EC0-301F-11D3-BF4B-00C04F79EFBC}") = "3010746", "3010746\3010746.csproj", "{BFEC6E9C-7A8D-4320-B59B-F3C59D6FD94A}"
EndProject
Global
	GlobalSection(SolutionConfigurationPlatforms) = preSolution
		Debug|Any CPU = Debug|Any CPU
		Release|Any CPU = Release|Any CPU
	EndGlobalSection
	GlobalSection(ProjectConfigurationPlatforms) = postSolution
		{BFEC6E9C-7A8D-4320-B59B-F3C59D6FD94A}.Debug|Any CPU.ActiveCfg = Debug|Any CPU
		{BFEC6E9C-7A8D-4320-B59B-F3C59D6FD94A}.Debug|Any CPU.Build.0 = Debug|Any CPU
		{BFEC6E9C-7A8D-4320-B59B-F3C59D6FD94A}.Debug|Any CPU.Deploy.0 = Debug|Any CPU
		{BFEC6E9C-7A8D-4320-B59B-F3C59D6FD94A}.Release|Any CPU.ActiveCfg = Release|Any CPU
		{BFEC6E9C-7A8D-4320-B59B-F3C59D6FD94A}.Release|Any CPU.Build.0 = Release|Any CPU
		{BFEC6E9C-7A8D-4320-B59B-F3C59D6FD94A}.Release|Any CPU.Deploy.0 = Release|Any CPU
	EndGlobalSection
	GlobalSection(SolutionProperties) = preSolution
		HideSolutionNode = FALSE
	EndGlobalSection
	GlobalSection(ExtensibilityGlobals) = postSolution
		SolutionGuid = {32DAE183-2E3B-468C-9684-5A7DAC9E7E9C}
	EndGlobalSection
EndGlobal
